Microsoft Visual Studio Solution File, Format Version 12.00
# Visual Studio Version 17
VisualStudioVersion = 17.5.2.0
MinimumVisualStudioVersion = 10.0.40219.1
Project("{FAE04EC0-301F-11D3-BF4B-00C04F79EFBC}") = "Kentico.Xperience.UMT.Example.Target", "Kentico.Xperience.UMT.Example.Target.csproj", "{2AA4B3B7-1446-2F50-7FD3-0CAA50994425}"
EndProject
Global
	GlobalSection(SolutionConfigurationPlatforms) = preSolution
		Debug|Any CPU = Debug|Any CPU
		Release|Any CPU = Release|Any CPU
	EndGlobalSection
	GlobalSection(ProjectConfigurationPlatforms) = postSolution
		{2AA4B3B7-1446-2F50-7FD3-0CAA50994425}.Debug|Any CPU.ActiveCfg = Debug|Any CPU
		{2AA4B3B7-1446-2F50-7FD3-0CAA50994425}.Debug|Any CPU.Build.0 = Debug|Any CPU
		{2AA4B3B7-1446-2F50-7FD3-0CAA50994425}.Release|Any CPU.ActiveCfg = Release|Any CPU
		{2AA4B3B7-1446-2F50-7FD3-0CAA50994425}.Release|Any CPU.Build.0 = Release|Any CPU
	EndGlobalSection
	GlobalSection(SolutionProperties) = preSolution
		HideSolutionNode = FALSE
	EndGlobalSection
	GlobalSection(ExtensibilityGlobals) = postSolution
		SolutionGuid = {728AB8FE-67F2-4461-9C9C-DBD6D87D0A21}
	EndGlobalSection
EndGlobal
